<?xml version="1.0" encoding="utf-8"?>
<Project ToolsVersion="4.0" xmlns="http://schemas.microsoft.com/developer/msbuild/2003">
  <ItemGroup>
    <Filter Include="Source Files">
      <UniqueIdentifier>{4FC737F1-C7A5-4376-A066-2A32D752A2FF}</UniqueIdentifier>
      <Extensions>cpp;c;cc;cxx;c++;cppm;ixx;def;odl;idl;hpj;bat;asm;asmx</Extensions>
    </Filter>
    <Filter Include="Header Files">
      <UniqueIdentifier>{93995380-89BD-4b04-88EB-625FBE52EBFB}</UniqueIdentifier>
      <Extensions>h;hh;hpp;hxx;h++;hm;inl;inc;ipp;xsd</Extensions>
    </Filter>
    <Filter Include="Resource Files">
      <UniqueIdentifier>{67DA6AB6-F800-4c08-8B7A-83BB121AAD01}</UniqueIdentifier>
      <Extensions>rc;ico;cur;bmp;dlg;rc2;rct;bin;rgs;gif;jpg;jpeg;jpe;resx;tiff;tif;png;wav;mfcribbon-ms</Extensions>
    </Filter>
  </ItemGroup>
  <ItemGroup>
    <ClCompile Include="main.cpp">
      <Filter>Source Files</Filter>
    </ClCompile>
    <ClCompile Include="Menu.cpp">
      <Filter>Source Files</Filter>
    </ClCompile>
    <ClCompile Include="Engine.cpp">
      <Filter>Source Files</Filter>
    </ClCompile>
    <ClCompile Include="Cell.cpp">
      <Filter>Source Files</Filter>
    </ClCompile>
    <ClCompile Include="Field.cpp">
      <Filter>Source Files</Filter>
    </ClCompile>
    <ClCompile Include="UserField.cpp">
      <Filter>Source Files</Filter>
    </ClCompile>
    <ClCompile Include="EnemyField.cpp">
      <Filter>Source Files</Filter>
    </ClCompile>
    <ClCompile Include="ButtonFieldConnect.cpp">
      <Filter>Source Files</Filter>
    </ClCompile>
    <ClCompile Include="ButtonFieldDeploy.cpp">
      <Filter>Source Files</Filter>
    </ClCompile>
    <ClCompile Include="ButtonFieldFire.cpp">
      <Filter>Source Files</Filter>
    </ClCompile>
    <ClCompile Include="TextureManager.cpp">
      <Filter>Source Files</Filter>
    </ClCompile>
    <ClCompile Include="Ship.cpp">
      <Filter>Source Files</Filter>
    </ClCompile>
    <ClCompile Include="ButtonFieldNewGame.cpp">
      <Filter>Source Files</Filter>
    </ClCompile>
    <ClCompile Include="StatisticField.cpp">
      <Filter>Source Files</Filter>
    </ClCompile>
    <ClCompile Include="ClueField.cpp">
      <Filter>Source Files</Filter>
    </ClCompile>
    <ClCompile Include="StatusField.cpp">
      <Filter>Source Files</Filter>
    </ClCompile>
    <ClCompile Include="CannonField.cpp">
      <Filter>Source Files</Filter>
    </ClCompile>
  </ItemGroup>
  <ItemGroup>
    <ClInclude Include="resource.h">
      <Filter>Header Files</Filter>
    </ClInclude>
    <ClInclude Include="Settings.h">
      <Filter>Header Files</Filter>
    </ClInclude>
    <ClInclude Include="Menu.h">
      <Filter>Header Files</Filter>
    </ClInclude>
    <ClInclude Include="Engine.h">
      <Filter>Header Files</Filter>
    </ClInclude>
    <ClInclude Include="Cell.h">
      <Filter>Header Files</Filter>
    </ClInclude>
    <ClInclude Include="Field.h">
      <Filter>Header Files</Filter>
    </ClInclude>
    <ClInclude Include="UserField.h">
      <Filter>Header Files</Filter>
    </ClInclude>
    <ClInclude Include="EnemyField.h">
      <Filter>Header Files</Filter>
    </ClInclude>
    <ClInclude Include="ButtonFieldConnect.h">
      <Filter>Header Files</Filter>
    </ClInclude>
    <ClInclude Include="ButtonFieldDeploy.h">
      <Filter>Header Files</Filter>
    </ClInclude>
    <ClInclude Include="ButtonFieldFire.h">
      <Filter>Header Files</Filter>
    </ClInclude>
    <ClInclude Include="TextureManager.h">
      <Filter>Header Files</Filter>
    </ClInclude>
    <ClInclude Include="Ship.h">
      <Filter>Header Files</Filter>
    </ClInclude>
    <ClInclude Include="Deck.h">
      <Filter>Header Files</Filter>
    </ClInclude>
    <ClInclude Include="ButtonFieldNewGame.h">
      <Filter>Header Files</Filter>
    </ClInclude>
    <ClInclude Include="StatisticField.h">
      <Filter>Header Files</Filter>
    </ClInclude>
    <ClInclude Include="ClueField.h">
      <Filter>Header Files</Filter>
    </ClInclude>
    <ClInclude Include="StatusField.h">
      <Filter>Header Files</Filter>
    </ClInclude>
    <ClInclude Include="CannonField.h">
      <Filter>Header Files</Filter>
    </ClInclude>
  </ItemGroup>
  <ItemGroup>
    <ResourceCompile Include="WarshipBattle.rc">
      <Filter>Resource Files</Filter>
    </ResourceCompile>
  </ItemGroup>
  <ItemGroup>
    <Image Include="WarshipBattleICON.bmp">
      <Filter>Resource Files</Filter>
    </Image>
    <Image Include="Icon.ico">
      <Filter>Resource Files</Filter>
    </Image>
  </ItemGroup>
  <ItemGroup>
    <Media Include="Sounds\Click.wav">
      <Filter>Resource Files</Filter>
    </Media>
    <Media Include="Sounds\Error.wav">
      <Filter>Resource Files</Filter>
    </Media>
    <Media Include="Sounds\Damage.wav">
      <Filter>Resource Files</Filter>
    </Media>
    <Media Include="Sounds\Deploy.wav">
      <Filter>Resource Files</Filter>
    </Media>
    <Media Include="Sounds\Kill.wav">
      <Filter>Resource Files</Filter>
    </Media>
    <Media Include="Sounds\Lose.wav">
      <Filter>Resource Files</Filter>
    </Media>
    <Media Include="Sounds\Rotate.wav">
      <Filter>Resource Files</Filter>
    </Media>
    <Media Include="Sounds\Shoot.wav">
      <Filter>Resource Files</Filter>
    </Media>
    <Media Include="Sounds\Win.wav">
      <Filter>Resource Files</Filter>
    </Media>
  </ItemGroup>
</Project>